// !$*UTF8*$!
{
	archiveVersion = 1;
	classes = {
	};
	objectVersion = 56;
	objects = {

/* Begin PBXBuildFile section */
		072140D529DEE1C000EEA6F2 /* MainViewController.swift in Sources */ = {isa = PBXBuildFile; fileRef = 072140D429DEE1C000EEA6F2 /* MainViewController.swift */; };
		072140D929E02C3A00EEA6F2 /* Coordinator.swift in Sources */ = {isa = PBXBuildFile; fileRef = 072140D829E02C3A00EEA6F2 /* Coordinator.swift */; };
		072140DB29E02E5600EEA6F2 /* LoginPresenter.swift in Sources */ = {isa = PBXBuildFile; fileRef = 072140DA29E02E5600EEA6F2 /* LoginPresenter.swift */; };
		072140DF29E0308F00EEA6F2 /* AuthCoordinator.swift in Sources */ = {isa = PBXBuildFile; fileRef = 072140DE29E0308F00EEA6F2 /* AuthCoordinator.swift */; };
		072140E429E0394300EEA6F2 /* SignupViewController.swift in Sources */ = {isa = PBXBuildFile; fileRef = 072140E329E0394300EEA6F2 /* SignupViewController.swift */; };
		072140E629E03BB900EEA6F2 /* CoordinatorProtocol.swift in Sources */ = {isa = PBXBuildFile; fileRef = 072140E529E03BB900EEA6F2 /* CoordinatorProtocol.swift */; };
		073BE4A02A1BA33200CADBD7 /* SRCountdownTimer.swift in Sources */ = {isa = PBXBuildFile; fileRef = 073BE49F2A1BA33200CADBD7 /* SRCountdownTimer.swift */; };
		0763AA302A23BAD40057B19A /* MainPresenter.swift in Sources */ = {isa = PBXBuildFile; fileRef = 0763AA2F2A23BAD40057B19A /* MainPresenter.swift */; };
		0763AA322A23BAE40057B19A /* MainModuleIO.swift in Sources */ = {isa = PBXBuildFile; fileRef = 0763AA312A23BAE40057B19A /* MainModuleIO.swift */; };
		0763AA342A23BAFA0057B19A /* MainModuleBuilder.swift in Sources */ = {isa = PBXBuildFile; fileRef = 0763AA332A23BAFA0057B19A /* MainModuleBuilder.swift */; };
		0763AA362A23BB260057B19A /* MainViewIO.swift in Sources */ = {isa = PBXBuildFile; fileRef = 0763AA352A23BB260057B19A /* MainViewIO.swift */; };
		0763AA382A23BFB60057B19A /* MainCoordinatorProtocol.swift in Sources */ = {isa = PBXBuildFile; fileRef = 0763AA372A23BFB60057B19A /* MainCoordinatorProtocol.swift */; };
		0763AA3C2A23C8C70057B19A /* TabBarPresenter.swift in Sources */ = {isa = PBXBuildFile; fileRef = 0763AA3B2A23C8C70057B19A /* TabBarPresenter.swift */; };
		0763AA452A23C9780057B19A /* TabBarModuleBuilder.swift in Sources */ = {isa = PBXBuildFile; fileRef = 0763AA442A23C9780057B19A /* TabBarModuleBuilder.swift */; };
		0763AA472A23C98B0057B19A /* TabBarModuleIO.swift in Sources */ = {isa = PBXBuildFile; fileRef = 0763AA462A23C98B0057B19A /* TabBarModuleIO.swift */; };
		0763AA492A23C9990057B19A /* TabBarViewIO.swift in Sources */ = {isa = PBXBuildFile; fileRef = 0763AA482A23C9990057B19A /* TabBarViewIO.swift */; };
		0763AA4F2A24EC180057B19A /* ProgramCoordinatorProtocol.swift in Sources */ = {isa = PBXBuildFile; fileRef = 0763AA4E2A24EC180057B19A /* ProgramCoordinatorProtocol.swift */; };
		0763AA512A24EC2B0057B19A /* ProgramPresenter.swift in Sources */ = {isa = PBXBuildFile; fileRef = 0763AA502A24EC2B0057B19A /* ProgramPresenter.swift */; };
		0763AA532A24EC390057B19A /* ProgramModuleIO.swift in Sources */ = {isa = PBXBuildFile; fileRef = 0763AA522A24EC390057B19A /* ProgramModuleIO.swift */; };
		0763AA552A24EC4C0057B19A /* PreogramViewIO.swift in Sources */ = {isa = PBXBuildFile; fileRef = 0763AA542A24EC4C0057B19A /* PreogramViewIO.swift */; };
		0763AA572A24EC5C0057B19A /* ProgramModuleBuilder.swift in Sources */ = {isa = PBXBuildFile; fileRef = 0763AA562A24EC5C0057B19A /* ProgramModuleBuilder.swift */; };
		0763AA5B2A24ECB00057B19A /* ProfileCoordinatorProtocol.swift in Sources */ = {isa = PBXBuildFile; fileRef = 0763AA5A2A24ECB00057B19A /* ProfileCoordinatorProtocol.swift */; };
		0763AA5F2A24F8320057B19A /* StopWatchViewIO.swift in Sources */ = {isa = PBXBuildFile; fileRef = 0763AA5E2A24F8320057B19A /* StopWatchViewIO.swift */; };
		0763AA612A24F8440057B19A /* StopWatchPresenter.swift in Sources */ = {isa = PBXBuildFile; fileRef = 0763AA602A24F8440057B19A /* StopWatchPresenter.swift */; };
		0763AA632A24F8500057B19A /* StopWatchModuleIO.swift in Sources */ = {isa = PBXBuildFile; fileRef = 0763AA622A24F8500057B19A /* StopWatchModuleIO.swift */; };
		0763AA652A24F85D0057B19A /* StopWatchCoordinatopProtocol.swift in Sources */ = {isa = PBXBuildFile; fileRef = 0763AA642A24F85D0057B19A /* StopWatchCoordinatopProtocol.swift */; };
		0763AA672A24F86B0057B19A /* StopWatchModuleBuilder.swift in Sources */ = {isa = PBXBuildFile; fileRef = 0763AA662A24F86B0057B19A /* StopWatchModuleBuilder.swift */; };
		0763AA692A25EAA50057B19A /* Globals.swift in Sources */ = {isa = PBXBuildFile; fileRef = 0763AA682A25EAA50057B19A /* Globals.swift */; };
		0763AA6F2A26401A0057B19A /* NetworkService.swift in Sources */ = {isa = PBXBuildFile; fileRef = 0763AA6E2A26401A0057B19A /* NetworkService.swift */; };
		0763AA752A2640BF0057B19A /* MusicModuleBuilder.swift in Sources */ = {isa = PBXBuildFile; fileRef = 0763AA742A2640BF0057B19A /* MusicModuleBuilder.swift */; };
		0763AA772A2640D20057B19A /* MusicViewController.swift in Sources */ = {isa = PBXBuildFile; fileRef = 0763AA762A2640D20057B19A /* MusicViewController.swift */; };
		0763AA792A2640E40057B19A /* MusicViewIO.swift in Sources */ = {isa = PBXBuildFile; fileRef = 0763AA782A2640E40057B19A /* MusicViewIO.swift */; };
		0763AA7B2A2640F30057B19A /* MusicPresenter.swift in Sources */ = {isa = PBXBuildFile; fileRef = 0763AA7A2A2640F30057B19A /* MusicPresenter.swift */; };
		0763AA7D2A2640FF0057B19A /* MusicModuleIO.swift in Sources */ = {isa = PBXBuildFile; fileRef = 0763AA7C2A2640FF0057B19A /* MusicModuleIO.swift */; };
		0763AA7F2A2750CF0057B19A /* APIResponse.swift in Sources */ = {isa = PBXBuildFile; fileRef = 0763AA7E2A2750CF0057B19A /* APIResponse.swift */; };
		0763AA822A27991C0057B19A /* Character.swift in Sources */ = {isa = PBXBuildFile; fileRef = 0763AA812A27991C0057B19A /* Character.swift */; };
		0763AA852A279A250057B19A /* CharacterCell.swift in Sources */ = {isa = PBXBuildFile; fileRef = 0763AA842A279A250057B19A /* CharacterCell.swift */; };
		0763AA872A279C350057B19A /* Presenter.swift in Sources */ = {isa = PBXBuildFile; fileRef = 0763AA862A279C350057B19A /* Presenter.swift */; };
		0763AA892A279D690057B19A /* UIImageView+Extentions.swift in Sources */ = {isa = PBXBuildFile; fileRef = 0763AA882A279D690057B19A /* UIImageView+Extentions.swift */; };
		0763AA8B2A279DA20057B19A /* CacheManager.swift in Sources */ = {isa = PBXBuildFile; fileRef = 0763AA8A2A279DA20057B19A /* CacheManager.swift */; };
		0763AA8D2A2820910057B19A /* MainMusicViewController.swift in Sources */ = {isa = PBXBuildFile; fileRef = 0763AA8C2A2820910057B19A /* MainMusicViewController.swift */; };
		0763AA8F2A28C6330057B19A /* Stopwatch.swift in Sources */ = {isa = PBXBuildFile; fileRef = 0763AA8E2A28C6330057B19A /* Stopwatch.swift */; };
		07718DAD29FB993D003CEAD3 /* SignupModuleIO.swift in Sources */ = {isa = PBXBuildFile; fileRef = 07718DAC29FB993D003CEAD3 /* SignupModuleIO.swift */; };
		07718DBF29FBAB17003CEAD3 /* AlertManager.swift in Sources */ = {isa = PBXBuildFile; fileRef = 07718DBE29FBAB17003CEAD3 /* AlertManager.swift */; };
		07718E022A03BD0D003CEAD3 /* ProfilePresenter.swift in Sources */ = {isa = PBXBuildFile; fileRef = 07718E012A03BD0D003CEAD3 /* ProfilePresenter.swift */; };
		07718E042A03BD1A003CEAD3 /* ProfileModuleIO.swift in Sources */ = {isa = PBXBuildFile; fileRef = 07718E032A03BD1A003CEAD3 /* ProfileModuleIO.swift */; };
		07718E072A03BD49003CEAD3 /* ProfileModuleBuilder.swift in Sources */ = {isa = PBXBuildFile; fileRef = 07718E062A03BD49003CEAD3 /* ProfileModuleBuilder.swift */; };
		07718E092A03BD56003CEAD3 /* ProfileViewIO.swift in Sources */ = {isa = PBXBuildFile; fileRef = 07718E082A03BD56003CEAD3 /* ProfileViewIO.swift */; };
		07718E132A0BD844003CEAD3 /* CustomButton.swift in Sources */ = {isa = PBXBuildFile; fileRef = 07718E122A0BD844003CEAD3 /* CustomButton.swift */; };
		07718E152A0BD852003CEAD3 /* CustomTextField.swift in Sources */ = {isa = PBXBuildFile; fileRef = 07718E142A0BD852003CEAD3 /* CustomTextField.swift */; };
		07718E182A0E4EFC003CEAD3 /* TabBarController.swift in Sources */ = {isa = PBXBuildFile; fileRef = 07718E172A0E4EFC003CEAD3 /* TabBarController.swift */; };
		07718E1C2A0E632E003CEAD3 /* MainCoordinator.swift in Sources */ = {isa = PBXBuildFile; fileRef = 07718E1B2A0E632E003CEAD3 /* MainCoordinator.swift */; };
		07718E1E2A0E6495003CEAD3 /* ProfileCoordinator.swift in Sources */ = {isa = PBXBuildFile; fileRef = 07718E1D2A0E6495003CEAD3 /* ProfileCoordinator.swift */; };
		07718E222A0E7FD3003CEAD3 /* CoordinatedNavigationController.swift in Sources */ = {isa = PBXBuildFile; fileRef = 07718E212A0E7FD3003CEAD3 /* CoordinatedNavigationController.swift */; };
		07718E242A0E80FD003CEAD3 /* StopWatchViewController.swift in Sources */ = {isa = PBXBuildFile; fileRef = 07718E232A0E80FD003CEAD3 /* StopWatchViewController.swift */; };
		07718E262A0E810C003CEAD3 /* StopWatchCoordinator.swift in Sources */ = {isa = PBXBuildFile; fileRef = 07718E252A0E810C003CEAD3 /* StopWatchCoordinator.swift */; };
		07718E282A0E811F003CEAD3 /* ProgramViewController.swift in Sources */ = {isa = PBXBuildFile; fileRef = 07718E272A0E811F003CEAD3 /* ProgramViewController.swift */; };
		07718E2A2A0E812B003CEAD3 /* ProgramCoordinator.swift in Sources */ = {isa = PBXBuildFile; fileRef = 07718E292A0E812B003CEAD3 /* ProgramCoordinator.swift */; };
		07718E2E2A0F1134003CEAD3 /* GoogleService-Info.plist in Resources */ = {isa = PBXBuildFile; fileRef = 07718E2D2A0F1134003CEAD3 /* GoogleService-Info.plist */; };
		07720F5F29E6E6B7008AD888 /* LoginModuleBuilder.swift in Sources */ = {isa = PBXBuildFile; fileRef = 07720F5E29E6E6B7008AD888 /* LoginModuleBuilder.swift */; };
		07720F6129E6EB8F008AD888 /* LoginViewIO.swift in Sources */ = {isa = PBXBuildFile; fileRef = 07720F6029E6EB8F008AD888 /* LoginViewIO.swift */; };
		07720F6429E8557F008AD888 /* FlowCoordinatorProtocol.swift in Sources */ = {isa = PBXBuildFile; fileRef = 07720F6329E8557F008AD888 /* FlowCoordinatorProtocol.swift */; };
		07720F6629E86187008AD888 /* AppCoordinator.swift in Sources */ = {isa = PBXBuildFile; fileRef = 07720F6529E86187008AD888 /* AppCoordinator.swift */; };
		07720F6A29EFC98D008AD888 /* SigupViewIO.swift in Sources */ = {isa = PBXBuildFile; fileRef = 07720F6929EFC98D008AD888 /* SigupViewIO.swift */; };
		07720F6C29EFC9A3008AD888 /* SignupModuleBuilder.swift in Sources */ = {isa = PBXBuildFile; fileRef = 07720F6B29EFC9A3008AD888 /* SignupModuleBuilder.swift */; };
		07720F6E29EFCA1D008AD888 /* SignupPresenter.swift in Sources */ = {isa = PBXBuildFile; fileRef = 07720F6D29EFCA1D008AD888 /* SignupPresenter.swift */; };
		07720F7029F27A29008AD888 /* LoginModuleIO.swift in Sources */ = {isa = PBXBuildFile; fileRef = 07720F6F29F27A29008AD888 /* LoginModuleIO.swift */; };
		07C95BED29DD8CAF001FD318 /* ProfileViewController.swift in Sources */ = {isa = PBXBuildFile; fileRef = 07C95BEC29DD8CAF001FD318 /* ProfileViewController.swift */; };
		07C95BEF29DD8D3A001FD318 /* LoginViewController.swift in Sources */ = {isa = PBXBuildFile; fileRef = 07C95BEE29DD8D3A001FD318 /* LoginViewController.swift */; };
		07DD2A4229CC8A830074E491 /* AppDelegate.swift in Sources */ = {isa = PBXBuildFile; fileRef = 07DD2A4129CC8A830074E491 /* AppDelegate.swift */; };
		07DD2A4429CC8A830074E491 /* SceneDelegate.swift in Sources */ = {isa = PBXBuildFile; fileRef = 07DD2A4329CC8A830074E491 /* SceneDelegate.swift */; };
		07DD2A4B29CC8A840074E491 /* Assets.xcassets in Resources */ = {isa = PBXBuildFile; fileRef = 07DD2A4A29CC8A840074E491 /* Assets.xcassets */; };
		07DD2A4E29CC8A840074E491 /* LaunchScreen.storyboard in Resources */ = {isa = PBXBuildFile; fileRef = 07DD2A4C29CC8A840074E491 /* LaunchScreen.storyboard */; };
		D07A824F32CE46E0B6E54C63 /* Pods_Meditation.framework in Frameworks */ = {isa = PBXBuildFile; fileRef = 3CC9C7E9D705ECB35EC8B8D8 /* Pods_Meditation.framework */; };
/* End PBXBuildFile section */

/* Begin PBXFileReference section */
		072140D429DEE1C000EEA6F2 /* MainViewController.swift */ = {isa = PBXFileReference; lastKnownFileType = sourcecode.swift; path = MainViewController.swift; sourceTree = "<group>"; };
		072140D829E02C3A00EEA6F2 /* Coordinator.swift */ = {isa = PBXFileReference; lastKnownFileType = sourcecode.swift; path = Coordinator.swift; sourceTree = "<group>"; };
		072140DA29E02E5600EEA6F2 /* LoginPresenter.swift */ = {isa = PBXFileReference; lastKnownFileType = sourcecode.swift; path = LoginPresenter.swift; sourceTree = "<group>"; };
		072140DE29E0308F00EEA6F2 /* AuthCoordinator.swift */ = {isa = PBXFileReference; lastKnownFileType = sourcecode.swift; path = AuthCoordinator.swift; sourceTree = "<group>"; };
		072140E329E0394300EEA6F2 /* SignupViewController.swift */ = {isa = PBXFileReference; lastKnownFileType = sourcecode.swift; path = SignupViewController.swift; sourceTree = "<group>"; };
		072140E529E03BB900EEA6F2 /* CoordinatorProtocol.swift */ = {isa = PBXFileReference; lastKnownFileType = sourcecode.swift; path = CoordinatorProtocol.swift; sourceTree = "<group>"; };
		073BE49F2A1BA33200CADBD7 /* SRCountdownTimer.swift */ = {isa = PBXFileReference; lastKnownFileType = sourcecode.swift; path = SRCountdownTimer.swift; sourceTree = "<group>"; };
		0763AA2F2A23BAD40057B19A /* MainPresenter.swift */ = {isa = PBXFileReference; lastKnownFileType = sourcecode.swift; path = MainPresenter.swift; sourceTree = "<group>"; };
		0763AA312A23BAE40057B19A /* MainModuleIO.swift */ = {isa = PBXFileReference; lastKnownFileType = sourcecode.swift; path = MainModuleIO.swift; sourceTree = "<group>"; };
		0763AA332A23BAFA0057B19A /* MainModuleBuilder.swift */ = {isa = PBXFileReference; lastKnownFileType = sourcecode.swift; path = MainModuleBuilder.swift; sourceTree = "<group>"; };
		0763AA352A23BB260057B19A /* MainViewIO.swift */ = {isa = PBXFileReference; lastKnownFileType = sourcecode.swift; path = MainViewIO.swift; sourceTree = "<group>"; };
		0763AA372A23BFB60057B19A /* MainCoordinatorProtocol.swift */ = {isa = PBXFileReference; lastKnownFileType = sourcecode.swift; path = MainCoordinatorProtocol.swift; sourceTree = "<group>"; };
		0763AA3B2A23C8C70057B19A /* TabBarPresenter.swift */ = {isa = PBXFileReference; lastKnownFileType = sourcecode.swift; path = TabBarPresenter.swift; sourceTree = "<group>"; };
		0763AA442A23C9780057B19A /* TabBarModuleBuilder.swift */ = {isa = PBXFileReference; lastKnownFileType = sourcecode.swift; path = TabBarModuleBuilder.swift; sourceTree = "<group>"; };
		0763AA462A23C98B0057B19A /* TabBarModuleIO.swift */ = {isa = PBXFileReference; lastKnownFileType = sourcecode.swift; path = TabBarModuleIO.swift; sourceTree = "<group>"; };
		0763AA482A23C9990057B19A /* TabBarViewIO.swift */ = {isa = PBXFileReference; lastKnownFileType = sourcecode.swift; path = TabBarViewIO.swift; sourceTree = "<group>"; };
		0763AA4E2A24EC180057B19A /* ProgramCoordinatorProtocol.swift */ = {isa = PBXFileReference; lastKnownFileType = sourcecode.swift; path = ProgramCoordinatorProtocol.swift; sourceTree = "<group>"; };
		0763AA502A24EC2B0057B19A /* ProgramPresenter.swift */ = {isa = PBXFileReference; lastKnownFileType = sourcecode.swift; path = ProgramPresenter.swift; sourceTree = "<group>"; };
		0763AA522A24EC390057B19A /* ProgramModuleIO.swift */ = {isa = PBXFileReference; lastKnownFileType = sourcecode.swift; path = ProgramModuleIO.swift; sourceTree = "<group>"; };
		0763AA542A24EC4C0057B19A /* PreogramViewIO.swift */ = {isa = PBXFileReference; lastKnownFileType = sourcecode.swift; path = PreogramViewIO.swift; sourceTree = "<group>"; };
		0763AA562A24EC5C0057B19A /* ProgramModuleBuilder.swift */ = {isa = PBXFileReference; lastKnownFileType = sourcecode.swift; path = ProgramModuleBuilder.swift; sourceTree = "<group>"; };
		0763AA5A2A24ECB00057B19A /* ProfileCoordinatorProtocol.swift */ = {isa = PBXFileReference; lastKnownFileType = sourcecode.swift; path = ProfileCoordinatorProtocol.swift; sourceTree = "<group>"; };
		0763AA5E2A24F8320057B19A /* StopWatchViewIO.swift */ = {isa = PBXFileReference; lastKnownFileType = sourcecode.swift; path = StopWatchViewIO.swift; sourceTree = "<group>"; };
		0763AA602A24F8440057B19A /* StopWatchPresenter.swift */ = {isa = PBXFileReference; lastKnownFileType = sourcecode.swift; path = StopWatchPresenter.swift; sourceTree = "<group>"; };
		0763AA622A24F8500057B19A /* StopWatchModuleIO.swift */ = {isa = PBXFileReference; lastKnownFileType = sourcecode.swift; path = StopWatchModuleIO.swift; sourceTree = "<group>"; };
		0763AA642A24F85D0057B19A /* StopWatchCoordinatopProtocol.swift */ = {isa = PBXFileReference; lastKnownFileType = sourcecode.swift; path = StopWatchCoordinatopProtocol.swift; sourceTree = "<group>"; };
		0763AA662A24F86B0057B19A /* StopWatchModuleBuilder.swift */ = {isa = PBXFileReference; lastKnownFileType = sourcecode.swift; path = StopWatchModuleBuilder.swift; sourceTree = "<group>"; };
		0763AA682A25EAA50057B19A /* Globals.swift */ = {isa = PBXFileReference; lastKnownFileType = sourcecode.swift; path = Globals.swift; sourceTree = "<group>"; };
		0763AA6E2A26401A0057B19A /* NetworkService.swift */ = {isa = PBXFileReference; lastKnownFileType = sourcecode.swift; path = NetworkService.swift; sourceTree = "<group>"; };
		0763AA742A2640BF0057B19A /* MusicModuleBuilder.swift */ = {isa = PBXFileReference; lastKnownFileType = sourcecode.swift; path = MusicModuleBuilder.swift; sourceTree = "<group>"; };
		0763AA762A2640D20057B19A /* MusicViewController.swift */ = {isa = PBXFileReference; lastKnownFileType = sourcecode.swift; path = MusicViewController.swift; sourceTree = "<group>"; };
		0763AA782A2640E40057B19A /* MusicViewIO.swift */ = {isa = PBXFileReference; lastKnownFileType = sourcecode.swift; path = MusicViewIO.swift; sourceTree = "<group>"; };
		0763AA7A2A2640F30057B19A /* MusicPresenter.swift */ = {isa = PBXFileReference; lastKnownFileType = sourcecode.swift; path = MusicPresenter.swift; sourceTree = "<group>"; };
		0763AA7C2A2640FF0057B19A /* MusicModuleIO.swift */ = {isa = PBXFileReference; lastKnownFileType = sourcecode.swift; path = MusicModuleIO.swift; sourceTree = "<group>"; };
		0763AA7E2A2750CF0057B19A /* APIResponse.swift */ = {isa = PBXFileReference; lastKnownFileType = sourcecode.swift; path = APIResponse.swift; sourceTree = "<group>"; };
		0763AA812A27991C0057B19A /* Character.swift */ = {isa = PBXFileReference; lastKnownFileType = sourcecode.swift; path = Character.swift; sourceTree = "<group>"; };
		0763AA842A279A250057B19A /* CharacterCell.swift */ = {isa = PBXFileReference; lastKnownFileType = sourcecode.swift; path = CharacterCell.swift; sourceTree = "<group>"; };
		0763AA862A279C350057B19A /* Presenter.swift */ = {isa = PBXFileReference; lastKnownFileType = sourcecode.swift; path = Presenter.swift; sourceTree = "<group>"; };
		0763AA882A279D690057B19A /* UIImageView+Extentions.swift */ = {isa = PBXFileReference; lastKnownFileType = sourcecode.swift; path = "UIImageView+Extentions.swift"; sourceTree = "<group>"; };
		0763AA8A2A279DA20057B19A /* CacheManager.swift */ = {isa = PBXFileReference; lastKnownFileType = sourcecode.swift; path = CacheManager.swift; sourceTree = "<group>"; };
		0763AA8C2A2820910057B19A /* MainMusicViewController.swift */ = {isa = PBXFileReference; lastKnownFileType = sourcecode.swift; path = MainMusicViewController.swift; sourceTree = "<group>"; };
		0763AA8E2A28C6330057B19A /* Stopwatch.swift */ = {isa = PBXFileReference; lastKnownFileType = sourcecode.swift; path = Stopwatch.swift; sourceTree = "<group>"; };
		07718DAC29FB993D003CEAD3 /* SignupModuleIO.swift */ = {isa = PBXFileReference; lastKnownFileType = sourcecode.swift; path = SignupModuleIO.swift; sourceTree = "<group>"; };
		07718DBE29FBAB17003CEAD3 /* AlertManager.swift */ = {isa = PBXFileReference; lastKnownFileType = sourcecode.swift; path = AlertManager.swift; sourceTree = "<group>"; };
		07718E012A03BD0D003CEAD3 /* ProfilePresenter.swift */ = {isa = PBXFileReference; lastKnownFileType = sourcecode.swift; path = ProfilePresenter.swift; sourceTree = "<group>"; };
		07718E032A03BD1A003CEAD3 /* ProfileModuleIO.swift */ = {isa = PBXFileReference; lastKnownFileType = sourcecode.swift; path = ProfileModuleIO.swift; sourceTree = "<group>"; };
		07718E062A03BD49003CEAD3 /* ProfileModuleBuilder.swift */ = {isa = PBXFileReference; lastKnownFileType = sourcecode.swift; path = ProfileModuleBuilder.swift; sourceTree = "<group>"; };
		07718E082A03BD56003CEAD3 /* ProfileViewIO.swift */ = {isa = PBXFileReference; lastKnownFileType = sourcecode.swift; path = ProfileViewIO.swift; sourceTree = "<group>"; };
		07718E122A0BD844003CEAD3 /* CustomButton.swift */ = {isa = PBXFileReference; lastKnownFileType = sourcecode.swift; path = CustomButton.swift; sourceTree = "<group>"; };
		07718E142A0BD852003CEAD3 /* CustomTextField.swift */ = {isa = PBXFileReference; lastKnownFileType = sourcecode.swift; path = CustomTextField.swift; sourceTree = "<group>"; };
		07718E172A0E4EFC003CEAD3 /* TabBarController.swift */ = {isa = PBXFileReference; lastKnownFileType = sourcecode.swift; path = TabBarController.swift; sourceTree = "<group>"; };
		07718E1B2A0E632E003CEAD3 /* MainCoordinator.swift */ = {isa = PBXFileReference; lastKnownFileType = sourcecode.swift; path = MainCoordinator.swift; sourceTree = "<group>"; };
		07718E1D2A0E6495003CEAD3 /* ProfileCoordinator.swift */ = {isa = PBXFileReference; lastKnownFileType = sourcecode.swift; path = ProfileCoordinator.swift; sourceTree = "<group>"; };
		07718E212A0E7FD3003CEAD3 /* CoordinatedNavigationController.swift */ = {isa = PBXFileReference; lastKnownFileType = sourcecode.swift; path = CoordinatedNavigationController.swift; sourceTree = "<group>"; };
		07718E232A0E80FD003CEAD3 /* StopWatchViewController.swift */ = {isa = PBXFileReference; lastKnownFileType = sourcecode.swift; path = StopWatchViewController.swift; sourceTree = "<group>"; };
		07718E252A0E810C003CEAD3 /* StopWatchCoordinator.swift */ = {isa = PBXFileReference; lastKnownFileType = sourcecode.swift; path = StopWatchCoordinator.swift; sourceTree = "<group>"; };
		07718E272A0E811F003CEAD3 /* ProgramViewController.swift */ = {isa = PBXFileReference; lastKnownFileType = sourcecode.swift; path = ProgramViewController.swift; sourceTree = "<group>"; };
		07718E292A0E812B003CEAD3 /* ProgramCoordinator.swift */ = {isa = PBXFileReference; indentWidth = 3; lastKnownFileType = sourcecode.swift; path = ProgramCoordinator.swift; sourceTree = "<group>"; };
		07718E2D2A0F1134003CEAD3 /* GoogleService-Info.plist */ = {isa = PBXFileReference; fileEncoding = 4; lastKnownFileType = text.plist.xml; name = "GoogleService-Info.plist"; path = "../../../../../../Downloads/GoogleService-Info.plist"; sourceTree = "<group>"; };
		07720F5E29E6E6B7008AD888 /* LoginModuleBuilder.swift */ = {isa = PBXFileReference; lastKnownFileType = sourcecode.swift; path = LoginModuleBuilder.swift; sourceTree = "<group>"; };
		07720F6029E6EB8F008AD888 /* LoginViewIO.swift */ = {isa = PBXFileReference; lastKnownFileType = sourcecode.swift; path = LoginViewIO.swift; sourceTree = "<group>"; };
		07720F6329E8557F008AD888 /* FlowCoordinatorProtocol.swift */ = {isa = PBXFileReference; lastKnownFileType = sourcecode.swift; path = FlowCoordinatorProtocol.swift; sourceTree = "<group>"; };
		07720F6529E86187008AD888 /* AppCoordinator.swift */ = {isa = PBXFileReference; lastKnownFileType = sourcecode.swift; path = AppCoordinator.swift; sourceTree = "<group>"; };
		07720F6929EFC98D008AD888 /* SigupViewIO.swift */ = {isa = PBXFileReference; lastKnownFileType = sourcecode.swift; path = SigupViewIO.swift; sourceTree = "<group>"; };
		07720F6B29EFC9A3008AD888 /* SignupModuleBuilder.swift */ = {isa = PBXFileReference; lastKnownFileType = sourcecode.swift; path = SignupModuleBuilder.swift; sourceTree = "<group>"; };
		07720F6D29EFCA1D008AD888 /* SignupPresenter.swift */ = {isa = PBXFileReference; lastKnownFileType = sourcecode.swift; path = SignupPresenter.swift; sourceTree = "<group>"; };
		07720F6F29F27A29008AD888 /* LoginModuleIO.swift */ = {isa = PBXFileReference; lastKnownFileType = sourcecode.swift; path = LoginModuleIO.swift; sourceTree = "<group>"; };
		07C95BEC29DD8CAF001FD318 /* ProfileViewController.swift */ = {isa = PBXFileReference; lastKnownFileType = sourcecode.swift; path = ProfileViewController.swift; sourceTree = "<group>"; };
		07C95BEE29DD8D3A001FD318 /* LoginViewController.swift */ = {isa = PBXFileReference; lastKnownFileType = sourcecode.swift; path = LoginViewController.swift; sourceTree = "<group>"; };
		07DD2A3E29CC8A830074E491 /* Meditation.app */ = {isa = PBXFileReference; explicitFileType = wrapper.application; includeInIndex = 0; path = Meditation.app; sourceTree = BUILT_PRODUCTS_DIR; };
		07DD2A4129CC8A830074E491 /* AppDelegate.swift */ = {isa = PBXFileReference; lastKnownFileType = sourcecode.swift; path = AppDelegate.swift; sourceTree = "<group>"; };
		07DD2A4329CC8A830074E491 /* SceneDelegate.swift */ = {isa = PBXFileReference; lastKnownFileType = sourcecode.swift; path = SceneDelegate.swift; sourceTree = "<group>"; };
		07DD2A4A29CC8A840074E491 /* Assets.xcassets */ = {isa = PBXFileReference; lastKnownFileType = folder.assetcatalog; path = Assets.xcassets; sourceTree = "<group>"; };
		07DD2A4D29CC8A840074E491 /* Base */ = {isa = PBXFileReference; lastKnownFileType = file.storyboard; name = Base; path = Base.lproj/LaunchScreen.storyboard; sourceTree = "<group>"; };
		07DD2A4F29CC8A840074E491 /* Info.plist */ = {isa = PBXFileReference; lastKnownFileType = text.plist.xml; path = Info.plist; sourceTree = "<group>"; };
		2969139FFA9D330B2631E53A /* Pods-Meditation.debug.xcconfig */ = {isa = PBXFileReference; includeInIndex = 1; lastKnownFileType = text.xcconfig; name = "Pods-Meditation.debug.xcconfig"; path = "Target Support Files/Pods-Meditation/Pods-Meditation.debug.xcconfig"; sourceTree = "<group>"; };
		3CC9C7E9D705ECB35EC8B8D8 /* Pods_Meditation.framework */ = {isa = PBXFileReference; explicitFileType = wrapper.framework; includeInIndex = 0; path = Pods_Meditation.framework; sourceTree = BUILT_PRODUCTS_DIR; };
		5FAAA51AE059D5629C2AD70E /* Pods-Meditation.release.xcconfig */ = {isa = PBXFileReference; includeInIndex = 1; lastKnownFileType = text.xcconfig; name = "Pods-Meditation.release.xcconfig"; path = "Target Support Files/Pods-Meditation/Pods-Meditation.release.xcconfig"; sourceTree = "<group>"; };
/* End PBXFileReference section */

/* Begin PBXFrameworksBuildPhase section */
		07DD2A3B29CC8A820074E491 /* Frameworks */ = {
			isa = PBXFrameworksBuildPhase;
			buildActionMask = 2147483647;
			files = (
				D07A824F32CE46E0B6E54C63 /* Pods_Meditation.framework in Frameworks */,
			);
			runOnlyForDeploymentPostprocessing = 0;
		};
/* End PBXFrameworksBuildPhase section */

/* Begin PBXGroup section */
		0709239D29D9D125004916E7 /* Services */ = {
			isa = PBXGroup;
			children = (
				0763AA6A2A2620FD0057B19A /* YA_API */,
				072140D829E02C3A00EEA6F2 /* Coordinator.swift */,
				07718E212A0E7FD3003CEAD3 /* CoordinatedNavigationController.swift */,
			);
			path = Services;
			sourceTree = "<group>";
		};
		072140D329DEE1B000EEA6F2 /* Mian */ = {
			isa = PBXGroup;
			children = (
				0763AA372A23BFB60057B19A /* MainCoordinatorProtocol.swift */,
				07718E1B2A0E632E003CEAD3 /* MainCoordinator.swift */,
				0763AA2E2A23BAC10057B19A /* Presenter */,
				073BE49E2A1BA31400CADBD7 /* View */,
				0763AA332A23BAFA0057B19A /* MainModuleBuilder.swift */,
			);
			path = Mian;
			sourceTree = "<group>";
		};
		072140E229E0392000EEA6F2 /* Signup */ = {
			isa = PBXGroup;
			children = (
				07720F6729EFC963008AD888 /* Presenter */,
				07720F6829EFC971008AD888 /* View */,
				07720F6B29EFC9A3008AD888 /* SignupModuleBuilder.swift */,
			);
			path = Signup;
			sourceTree = "<group>";
		};
		073BE49E2A1BA31400CADBD7 /* View */ = {
			isa = PBXGroup;
			children = (
				072140D429DEE1C000EEA6F2 /* MainViewController.swift */,
				073BE49F2A1BA33200CADBD7 /* SRCountdownTimer.swift */,
				0763AA352A23BB260057B19A /* MainViewIO.swift */,
			);
			path = View;
			sourceTree = "<group>";
		};
		0763AA2E2A23BAC10057B19A /* Presenter */ = {
			isa = PBXGroup;
			children = (
				0763AA2F2A23BAD40057B19A /* MainPresenter.swift */,
				0763AA312A23BAE40057B19A /* MainModuleIO.swift */,
			);
			path = Presenter;
			sourceTree = "<group>";
		};
		0763AA3D2A23C8D80057B19A /* TabBar */ = {
			isa = PBXGroup;
			children = (
				0763AA432A23C9110057B19A /* Presenter */,
				0763AA402A23C8FB0057B19A /* View */,
				0763AA442A23C9780057B19A /* TabBarModuleBuilder.swift */,
			);
			path = TabBar;
			sourceTree = "<group>";
		};
		0763AA402A23C8FB0057B19A /* View */ = {
			isa = PBXGroup;
			children = (
				07718E172A0E4EFC003CEAD3 /* TabBarController.swift */,
				0763AA482A23C9990057B19A /* TabBarViewIO.swift */,
			);
			path = View;
			sourceTree = "<group>";
		};
		0763AA432A23C9110057B19A /* Presenter */ = {
			isa = PBXGroup;
			children = (
				0763AA3B2A23C8C70057B19A /* TabBarPresenter.swift */,
				0763AA462A23C98B0057B19A /* TabBarModuleIO.swift */,
			);
			path = Presenter;
			sourceTree = "<group>";
		};
		0763AA4C2A24EBEF0057B19A /* View */ = {
			isa = PBXGroup;
			children = (
				07718E272A0E811F003CEAD3 /* ProgramViewController.swift */,
				0763AA542A24EC4C0057B19A /* PreogramViewIO.swift */,
			);
			path = View;
			sourceTree = "<group>";
		};
		0763AA4D2A24EBF40057B19A /* Presenter */ = {
			isa = PBXGroup;
			children = (
				0763AA502A24EC2B0057B19A /* ProgramPresenter.swift */,
				0763AA522A24EC390057B19A /* ProgramModuleIO.swift */,
			);
			path = Presenter;
			sourceTree = "<group>";
		};
		0763AA582A24EC720057B19A /* View */ = {
			isa = PBXGroup;
			children = (
				07C95BEC29DD8CAF001FD318 /* ProfileViewController.swift */,
				07718E082A03BD56003CEAD3 /* ProfileViewIO.swift */,
			);
			path = View;
			sourceTree = "<group>";
		};
		0763AA592A24EC780057B19A /* Presenter */ = {
			isa = PBXGroup;
			children = (
				07718E012A03BD0D003CEAD3 /* ProfilePresenter.swift */,
				07718E032A03BD1A003CEAD3 /* ProfileModuleIO.swift */,
			);
			path = Presenter;
			sourceTree = "<group>";
		};
		0763AA5C2A24F8110057B19A /* View */ = {
			isa = PBXGroup;
			children = (
				07718E232A0E80FD003CEAD3 /* StopWatchViewController.swift */,
				0763AA5E2A24F8320057B19A /* StopWatchViewIO.swift */,
				0763AA8E2A28C6330057B19A /* Stopwatch.swift */,
			);
			path = View;
			sourceTree = "<group>";
		};
		0763AA5D2A24F8160057B19A /* Presenter */ = {
			isa = PBXGroup;
			children = (
				0763AA602A24F8440057B19A /* StopWatchPresenter.swift */,
				0763AA622A24F8500057B19A /* StopWatchModuleIO.swift */,
			);
			path = Presenter;
			sourceTree = "<group>";
		};
		0763AA6A2A2620FD0057B19A /* YA_API */ = {
			isa = PBXGroup;
			children = (
				0763AA802A2799060057B19A /* model */,
				0763AA6D2A2640020057B19A /* Network */,
				0763AA8A2A279DA20057B19A /* CacheManager.swift */,
			);
			path = YA_API;
			sourceTree = "<group>";
		};
		0763AA6D2A2640020057B19A /* Network */ = {
			isa = PBXGroup;
			children = (
				0763AA6E2A26401A0057B19A /* NetworkService.swift */,
				0763AA7E2A2750CF0057B19A /* APIResponse.swift */,
			);
			path = Network;
			sourceTree = "<group>";
		};
		0763AA702A26406C0057B19A /* Music */ = {
			isa = PBXGroup;
			children = (
				0763AA722A26409D0057B19A /* Presenter */,
				0763AA732A2640A70057B19A /* View */,
				0763AA742A2640BF0057B19A /* MusicModuleBuilder.swift */,
			);
			path = Music;
			sourceTree = "<group>";
		};
		0763AA712A2640750057B19A /* Auth */ = {
			isa = PBXGroup;
			children = (
				07C95BE629DD8C26001FD318 /* Login */,
				072140E229E0392000EEA6F2 /* Signup */,
			);
			path = Auth;
			sourceTree = "<group>";
		};
		0763AA722A26409D0057B19A /* Presenter */ = {
			isa = PBXGroup;
			children = (
				0763AA7A2A2640F30057B19A /* MusicPresenter.swift */,
				0763AA7C2A2640FF0057B19A /* MusicModuleIO.swift */,
				0763AA862A279C350057B19A /* Presenter.swift */,
			);
			path = Presenter;
			sourceTree = "<group>";
		};
		0763AA732A2640A70057B19A /* View */ = {
			isa = PBXGroup;
			children = (
				0763AA842A279A250057B19A /* CharacterCell.swift */,
				0763AA762A2640D20057B19A /* MusicViewController.swift */,
				0763AA782A2640E40057B19A /* MusicViewIO.swift */,
				0763AA8C2A2820910057B19A /* MainMusicViewController.swift */,
			);
			path = View;
			sourceTree = "<group>";
		};
		0763AA802A2799060057B19A /* model */ = {
			isa = PBXGroup;
			children = (
				0763AA812A27991C0057B19A /* Character.swift */,
			);
			path = model;
			sourceTree = "<group>";
		};
		07718DBC29FBAACD003CEAD3 /* Common */ = {
			isa = PBXGroup;
			children = (
				07718E112A0BD825003CEAD3 /* Custom */,
				07718DBD29FBAAE5003CEAD3 /* Extensions */,
				0763AA682A25EAA50057B19A /* Globals.swift */,
			);
			path = Common;
			sourceTree = "<group>";
		};
		07718DBD29FBAAE5003CEAD3 /* Extensions */ = {
			isa = PBXGroup;
			children = (
				07718DBE29FBAB17003CEAD3 /* AlertManager.swift */,
				0763AA882A279D690057B19A /* UIImageView+Extentions.swift */,
			);
			path = Extensions;
			sourceTree = "<group>";
		};
		07718E102A0BD7B0003CEAD3 /* Supporting */ = {
			isa = PBXGroup;
			children = (
				07DD2A4C29CC8A840074E491 /* LaunchScreen.storyboard */,
				07DD2A4329CC8A830074E491 /* SceneDelegate.swift */,
				07DD2A4129CC8A830074E491 /* AppDelegate.swift */,
				07DD2A4A29CC8A840074E491 /* Assets.xcassets */,
			);
			path = Supporting;
			sourceTree = "<group>";
		};
		07718E112A0BD825003CEAD3 /* Custom */ = {
			isa = PBXGroup;
			children = (
				07718E122A0BD844003CEAD3 /* CustomButton.swift */,
				07718E142A0BD852003CEAD3 /* CustomTextField.swift */,
			);
			path = Custom;
			sourceTree = "<group>";
		};
		07718E162A0E4EE4003CEAD3 /* TabBar */ = {
			isa = PBXGroup;
			children = (
				0763AA3D2A23C8D80057B19A /* TabBar */,
				07718E1A2A0E61D7003CEAD3 /* Programs */,
				07718E192A0E61BF003CEAD3 /* StopWatch */,
				072140D329DEE1B000EEA6F2 /* Mian */,
				07C95BEB29DD8C81001FD318 /* Profile */,
			);
			path = TabBar;
			sourceTree = "<group>";
		};
		07718E192A0E61BF003CEAD3 /* StopWatch */ = {
			isa = PBXGroup;
			children = (
				07718E252A0E810C003CEAD3 /* StopWatchCoordinator.swift */,
				0763AA642A24F85D0057B19A /* StopWatchCoordinatopProtocol.swift */,
				0763AA5D2A24F8160057B19A /* Presenter */,
				0763AA5C2A24F8110057B19A /* View */,
				0763AA662A24F86B0057B19A /* StopWatchModuleBuilder.swift */,
			);
			path = StopWatch;
			sourceTree = "<group>";
		};
		07718E1A2A0E61D7003CEAD3 /* Programs */ = {
			isa = PBXGroup;
			children = (
				07718E292A0E812B003CEAD3 /* ProgramCoordinator.swift */,
				0763AA4E2A24EC180057B19A /* ProgramCoordinatorProtocol.swift */,
				0763AA4D2A24EBF40057B19A /* Presenter */,
				0763AA4C2A24EBEF0057B19A /* View */,
				0763AA562A24EC5C0057B19A /* ProgramModuleBuilder.swift */,
			);
			path = Programs;
			sourceTree = "<group>";
		};
		07720F5C29E6E666008AD888 /* View */ = {
			isa = PBXGroup;
			children = (
				07C95BEE29DD8D3A001FD318 /* LoginViewController.swift */,
				07720F6029E6EB8F008AD888 /* LoginViewIO.swift */,
			);
			path = View;
			sourceTree = "<group>";
		};
		07720F5D29E6E66C008AD888 /* Presenter */ = {
			isa = PBXGroup;
			children = (
				072140DA29E02E5600EEA6F2 /* LoginPresenter.swift */,
				07720F6F29F27A29008AD888 /* LoginModuleIO.swift */,
			);
			path = Presenter;
			sourceTree = "<group>";
		};
		07720F6229E8554F008AD888 /* FlowCoordinator */ = {
			isa = PBXGroup;
			children = (
				07720F6329E8557F008AD888 /* FlowCoordinatorProtocol.swift */,
				07720F6529E86187008AD888 /* AppCoordinator.swift */,
				072140E529E03BB900EEA6F2 /* CoordinatorProtocol.swift */,
				072140DE29E0308F00EEA6F2 /* AuthCoordinator.swift */,
			);
			path = FlowCoordinator;
			sourceTree = "<group>";
		};
		07720F6729EFC963008AD888 /* Presenter */ = {
			isa = PBXGroup;
			children = (
				07720F6D29EFCA1D008AD888 /* SignupPresenter.swift */,
				07718DAC29FB993D003CEAD3 /* SignupModuleIO.swift */,
			);
			path = Presenter;
			sourceTree = "<group>";
		};
		07720F6829EFC971008AD888 /* View */ = {
			isa = PBXGroup;
			children = (
				072140E329E0394300EEA6F2 /* SignupViewController.swift */,
				07720F6929EFC98D008AD888 /* SigupViewIO.swift */,
			);
			path = View;
			sourceTree = "<group>";
		};
		07C95BE529DD8C11001FD318 /* Presentation */ = {
			isa = PBXGroup;
			children = (
				0763AA702A26406C0057B19A /* Music */,
				07718E162A0E4EE4003CEAD3 /* TabBar */,
				0763AA712A2640750057B19A /* Auth */,
			);
			path = Presentation;
			sourceTree = "<group>";
		};
		07C95BE629DD8C26001FD318 /* Login */ = {
			isa = PBXGroup;
			children = (
				07720F5D29E6E66C008AD888 /* Presenter */,
				07720F5C29E6E666008AD888 /* View */,
				07720F5E29E6E6B7008AD888 /* LoginModuleBuilder.swift */,
			);
			path = Login;
			sourceTree = "<group>";
		};
		07C95BEB29DD8C81001FD318 /* Profile */ = {
			isa = PBXGroup;
			children = (
				07718E1D2A0E6495003CEAD3 /* ProfileCoordinator.swift */,
				0763AA5A2A24ECB00057B19A /* ProfileCoordinatorProtocol.swift */,
				0763AA592A24EC780057B19A /* Presenter */,
				0763AA582A24EC720057B19A /* View */,
				07718E062A03BD49003CEAD3 /* ProfileModuleBuilder.swift */,
			);
			path = Profile;
			sourceTree = "<group>";
		};
		07DD2A3529CC8A820074E491 = {
			isa = PBXGroup;
			children = (
				07DD2A4029CC8A830074E491 /* Meditation */,
				07DD2A3F29CC8A830074E491 /* Products */,
				D615918468B32844507DB2DD /* Pods */,
				2B5D34AA934B5EEC46011E27 /* Frameworks */,
			);
			sourceTree = "<group>";
		};
		07DD2A3F29CC8A830074E491 /* Products */ = {
			isa = PBXGroup;
			children = (
				07DD2A3E29CC8A830074E491 /* Meditation.app */,
			);
			name = Products;
			sourceTree = "<group>";
		};
		07DD2A4029CC8A830074E491 /* Meditation */ = {
			isa = PBXGroup;
			children = (
				07718DBC29FBAACD003CEAD3 /* Common */,
				07720F6229E8554F008AD888 /* FlowCoordinator */,
				0709239D29D9D125004916E7 /* Services */,
				07C95BE529DD8C11001FD318 /* Presentation */,
				07718E102A0BD7B0003CEAD3 /* Supporting */,
				07DD2A4F29CC8A840074E491 /* Info.plist */,
				07718E2D2A0F1134003CEAD3 /* GoogleService-Info.plist */,
			);
			path = Meditation;
			sourceTree = "<group>";
		};
		2B5D34AA934B5EEC46011E27 /* Frameworks */ = {
			isa = PBXGroup;
			children = (
				3CC9C7E9D705ECB35EC8B8D8 /* Pods_Meditation.framework */,
			);
			name = Frameworks;
			sourceTree = "<group>";
		};
		D615918468B32844507DB2DD /* Pods */ = {
			isa = PBXGroup;
			children = (
				2969139FFA9D330B2631E53A /* Pods-Meditation.debug.xcconfig */,
				5FAAA51AE059D5629C2AD70E /* Pods-Meditation.release.xcconfig */,
			);
			path = Pods;
			sourceTree = "<group>";
		};
/* End PBXGroup section */

/* Begin PBXNativeTarget section */
		07DD2A3D29CC8A820074E491 /* Meditation */ = {
			isa = PBXNativeTarget;
			buildConfigurationList = 07DD2A5229CC8A840074E491 /* Build configuration list for PBXNativeTarget "Meditation" */;
			buildPhases = (
				9A65649D3E44B64D060E01EC /* [CP] Check Pods Manifest.lock */,
				07DD2A3A29CC8A820074E491 /* Sources */,
				07DD2A3B29CC8A820074E491 /* Frameworks */,
				07DD2A3C29CC8A820074E491 /* Resources */,
				0709239A29D5F7B1004916E7 /* SwiftLint */,
				465BD4181AC117E707ADFDAC /* [CP] Embed Pods Frameworks */,
			);
			buildRules = (
			);
			dependencies = (
			);
			name = Meditation;
			packageProductDependencies = (
			);
			productName = Meditation;
			productReference = 07DD2A3E29CC8A830074E491 /* Meditation.app */;
			productType = "com.apple.product-type.application";
		};
/* End PBXNativeTarget section */

/* Begin PBXProject section */
		07DD2A3629CC8A820074E491 /* Project object */ = {
			isa = PBXProject;
			attributes = {
				BuildIndependentTargetsInParallel = 1;
				LastSwiftUpdateCheck = 1420;
				LastUpgradeCheck = 1420;
				TargetAttributes = {
					07DD2A3D29CC8A820074E491 = {
						CreatedOnToolsVersion = 14.2;
					};
				};
			};
			buildConfigurationList = 07DD2A3929CC8A820074E491 /* Build configuration list for PBXProject "Meditation" */;
			compatibilityVersion = "Xcode 14.0";
			developmentRegion = en;
			hasScannedForEncodings = 0;
			knownRegions = (
				en,
				Base,
			);
			mainGroup = 07DD2A3529CC8A820074E491;
			packageReferences = (
			);
			productRefGroup = 07DD2A3F29CC8A830074E491 /* Products */;
			projectDirPath = "";
			projectRoot = "";
			targets = (
				07DD2A3D29CC8A820074E491 /* Meditation */,
			);
		};
/* End PBXProject section */

/* Begin PBXResourcesBuildPhase section */
		07DD2A3C29CC8A820074E491 /* Resources */ = {
			isa = PBXResourcesBuildPhase;
			buildActionMask = 2147483647;
			files = (
				07718E2E2A0F1134003CEAD3 /* GoogleService-Info.plist in Resources */,
				07DD2A4E29CC8A840074E491 /* LaunchScreen.storyboard in Resources */,
				07DD2A4B29CC8A840074E491 /* Assets.xcassets in Resources */,
			);
			runOnlyForDeploymentPostprocessing = 0;
		};
/* End PBXResourcesBuildPhase section */

/* Begin PBXShellScriptBuildPhase section */
		0709239A29D5F7B1004916E7 /* SwiftLint */ = {
			isa = PBXShellScriptBuildPhase;
			buildActionMask = 2147483647;
			files = (
			);
			inputFileListPaths = (
			);
			inputPaths = (
			);
			name = SwiftLint;
			outputFileListPaths = (
			);
			outputPaths = (
			);
			runOnlyForDeploymentPostprocessing = 0;
			shellPath = /bin/sh;
			shellScript = "\"${PODS_ROOT}/SwiftLint/swiftlint\"\n";
		};
		465BD4181AC117E707ADFDAC /* [CP] Embed Pods Frameworks */ = {
			isa = PBXShellScriptBuildPhase;
			buildActionMask = 2147483647;
			files = (
			);
			inputFileListPaths = (
				"${PODS_ROOT}/Target Support Files/Pods-Meditation/Pods-Meditation-frameworks-${CONFIGURATION}-input-files.xcfilelist",
			);
			name = "[CP] Embed Pods Frameworks";
			outputFileListPaths = (
				"${PODS_ROOT}/Target Support Files/Pods-Meditation/Pods-Meditation-frameworks-${CONFIGURATION}-output-files.xcfilelist",
			);
			runOnlyForDeploymentPostprocessing = 0;
			shellPath = /bin/sh;
			shellScript = "\"${PODS_ROOT}/Target Support Files/Pods-Meditation/Pods-Meditation-frameworks.sh\"\n";
			showEnvVarsInLog = 0;
		};
		9A65649D3E44B64D060E01EC /* [CP] Check Pods Manifest.lock */ = {
			isa = PBXShellScriptBuildPhase;
			buildActionMask = 2147483647;
			files = (
			);
			inputFileListPaths = (
			);
			inputPaths = (
				"${PODS_PODFILE_DIR_PATH}/Podfile.lock",
				"${PODS_ROOT}/Manifest.lock",
			);
			name = "[CP] Check Pods Manifest.lock";
			outputFileListPaths = (
			);
			outputPaths = (
				"$(DERIVED_FILE_DIR)/Pods-Meditation-checkManifestLockResult.txt",
			);
			runOnlyForDeploymentPostprocessing = 0;
			shellPath = /bin/sh;
			shellScript = "diff \"${PODS_PODFILE_DIR_PATH}/Podfile.lock\" \"${PODS_ROOT}/Manifest.lock\" > /dev/null\nif [ $? != 0 ] ; then\n    # print error to STDERR\n    echo \"error: The sandbox is not in sync with the Podfile.lock. Run 'pod install' or update your CocoaPods installation.\" >&2\n    exit 1\nfi\n# This output is used by Xcode 'outputs' to avoid re-running this script phase.\necho \"SUCCESS\" > \"${SCRIPT_OUTPUT_FILE_0}\"\n";
			showEnvVarsInLog = 0;
		};
/* End PBXShellScriptBuildPhase section */

/* Begin PBXSourcesBuildPhase section */
		07DD2A3A29CC8A820074E491 /* Sources */ = {
			isa = PBXSourcesBuildPhase;
			buildActionMask = 2147483647;
			files = (
				07C95BEF29DD8D3A001FD318 /* LoginViewController.swift in Sources */,
				0763AA342A23BAFA0057B19A /* MainModuleBuilder.swift in Sources */,
				07718E182A0E4EFC003CEAD3 /* TabBarController.swift in Sources */,
				0763AA852A279A250057B19A /* CharacterCell.swift in Sources */,
				07720F7029F27A29008AD888 /* LoginModuleIO.swift in Sources */,
				0763AA302A23BAD40057B19A /* MainPresenter.swift in Sources */,
				07718E242A0E80FD003CEAD3 /* StopWatchViewController.swift in Sources */,
				0763AA532A24EC390057B19A /* ProgramModuleIO.swift in Sources */,
				0763AA4F2A24EC180057B19A /* ProgramCoordinatorProtocol.swift in Sources */,
				0763AA362A23BB260057B19A /* MainViewIO.swift in Sources */,
				0763AA632A24F8500057B19A /* StopWatchModuleIO.swift in Sources */,
				0763AA322A23BAE40057B19A /* MainModuleIO.swift in Sources */,
				07718E072A03BD49003CEAD3 /* ProfileModuleBuilder.swift in Sources */,
				0763AA692A25EAA50057B19A /* Globals.swift in Sources */,
				0763AA7B2A2640F30057B19A /* MusicPresenter.swift in Sources */,
				072140D929E02C3A00EEA6F2 /* Coordinator.swift in Sources */,
				07718E042A03BD1A003CEAD3 /* ProfileModuleIO.swift in Sources */,
				073BE4A02A1BA33200CADBD7 /* SRCountdownTimer.swift in Sources */,
				07718E262A0E810C003CEAD3 /* StopWatchCoordinator.swift in Sources */,
				072140E629E03BB900EEA6F2 /* CoordinatorProtocol.swift in Sources */,
				0763AA5B2A24ECB00057B19A /* ProfileCoordinatorProtocol.swift in Sources */,
				0763AA7F2A2750CF0057B19A /* APIResponse.swift in Sources */,
				07718E1E2A0E6495003CEAD3 /* ProfileCoordinator.swift in Sources */,
				07720F6C29EFC9A3008AD888 /* SignupModuleBuilder.swift in Sources */,
				0763AA572A24EC5C0057B19A /* ProgramModuleBuilder.swift in Sources */,
				0763AA492A23C9990057B19A /* TabBarViewIO.swift in Sources */,
				07720F6E29EFCA1D008AD888 /* SignupPresenter.swift in Sources */,
				0763AA792A2640E40057B19A /* MusicViewIO.swift in Sources */,
				07DD2A4229CC8A830074E491 /* AppDelegate.swift in Sources */,
				0763AA6F2A26401A0057B19A /* NetworkService.swift in Sources */,
				0763AA892A279D690057B19A /* UIImageView+Extentions.swift in Sources */,
				0763AA652A24F85D0057B19A /* StopWatchCoordinatopProtocol.swift in Sources */,
				07718E022A03BD0D003CEAD3 /* ProfilePresenter.swift in Sources */,
				07720F6429E8557F008AD888 /* FlowCoordinatorProtocol.swift in Sources */,
				0763AA472A23C98B0057B19A /* TabBarModuleIO.swift in Sources */,
				072140DF29E0308F00EEA6F2 /* AuthCoordinator.swift in Sources */,
				07720F5F29E6E6B7008AD888 /* LoginModuleBuilder.swift in Sources */,
				0763AA3C2A23C8C70057B19A /* TabBarPresenter.swift in Sources */,
				0763AA752A2640BF0057B19A /* MusicModuleBuilder.swift in Sources */,
				07718E1C2A0E632E003CEAD3 /* MainCoordinator.swift in Sources */,
				0763AA772A2640D20057B19A /* MusicViewController.swift in Sources */,
				0763AA8D2A2820910057B19A /* MainMusicViewController.swift in Sources */,
				07718E282A0E811F003CEAD3 /* ProgramViewController.swift in Sources */,
				07718E132A0BD844003CEAD3 /* CustomButton.swift in Sources */,
				0763AA7D2A2640FF0057B19A /* MusicModuleIO.swift in Sources */,
				0763AA382A23BFB60057B19A /* MainCoordinatorProtocol.swift in Sources */,
				07720F6A29EFC98D008AD888 /* SigupViewIO.swift in Sources */,
				0763AA8F2A28C6330057B19A /* Stopwatch.swift in Sources */,
				0763AA552A24EC4C0057B19A /* PreogramViewIO.swift in Sources */,
				0763AA672A24F86B0057B19A /* StopWatchModuleBuilder.swift in Sources */,
				07718DAD29FB993D003CEAD3 /* SignupModuleIO.swift in Sources */,
				07718E152A0BD852003CEAD3 /* CustomTextField.swift in Sources */,
				0763AA512A24EC2B0057B19A /* ProgramPresenter.swift in Sources */,
				0763AA8B2A279DA20057B19A /* CacheManager.swift in Sources */,
				072140E429E0394300EEA6F2 /* SignupViewController.swift in Sources */,
				07720F6629E86187008AD888 /* AppCoordinator.swift in Sources */,
				0763AA822A27991C0057B19A /* Character.swift in Sources */,
				07720F6129E6EB8F008AD888 /* LoginViewIO.swift in Sources */,
				072140DB29E02E5600EEA6F2 /* LoginPresenter.swift in Sources */,
				0763AA5F2A24F8320057B19A /* StopWatchViewIO.swift in Sources */,
				07718E222A0E7FD3003CEAD3 /* CoordinatedNavigationController.swift in Sources */,
				07718DBF29FBAB17003CEAD3 /* AlertManager.swift in Sources */,
				0763AA452A23C9780057B19A /* TabBarModuleBuilder.swift in Sources */,
				07718E092A03BD56003CEAD3 /* ProfileViewIO.swift in Sources */,
				0763AA872A279C350057B19A /* Presenter.swift in Sources */,
				07718E2A2A0E812B003CEAD3 /* ProgramCoordinator.swift in Sources */,
				0763AA612A24F8440057B19A /* StopWatchPresenter.swift in Sources */,
				07C95BED29DD8CAF001FD318 /* ProfileViewController.swift in Sources */,
				07DD2A4429CC8A830074E491 /* SceneDelegate.swift in Sources */,
				072140D529DEE1C000EEA6F2 /* MainViewController.swift in Sources */,
			);
			runOnlyForDeploymentPostprocessing = 0;
		};
/* End PBXSourcesBuildPhase section */

/* Begin PBXVariantGroup section */
		07DD2A4C29CC8A840074E491 /* LaunchScreen.storyboard */ = {
			isa = PBXVariantGroup;
			children = (
				07DD2A4D29CC8A840074E491 /* Base */,
			);
			name = LaunchScreen.storyboard;
			sourceTree = "<group>";
		};
/* End PBXVariantGroup section */

/* Begin XCBuildConfiguration section */
		07DD2A5029CC8A840074E491 /* Debug */ = {
			isa = XCBuildConfiguration;
			buildSettings = {
				ALWAYS_SEARCH_USER_PATHS = NO;
				CLANG_ANALYZER_NONNULL = YES;
				CLANG_ANALYZER_NUMBER_OBJECT_CONVERSION = YES_AGGRESSIVE;
				CLANG_CXX_LANGUAGE_STANDARD = "gnu++20";
				CLANG_ENABLE_MODULES = YES;
				CLANG_ENABLE_OBJC_ARC = YES;
				CLANG_ENABLE_OBJC_WEAK = YES;
				CLANG_WARN_BLOCK_CAPTURE_AUTORELEASING = YES;
				CLANG_WARN_BOOL_CONVERSION = YES;
				CLANG_WARN_COMMA = YES;
				CLANG_WARN_CONSTANT_CONVERSION = YES;
				CLANG_WARN_DEPRECATED_OBJC_IMPLEMENTATIONS = YES;
				CLANG_WARN_DIRECT_OBJC_ISA_USAGE = YES_ERROR;
				CLANG_WARN_DOCUMENTATION_COMMENTS = YES;
				CLANG_WARN_EMPTY_BODY = YES;
				CLANG_WARN_ENUM_CONVERSION = YES;
				CLANG_WARN_INFINITE_RECURSION = YES;
				CLANG_WARN_INT_CONVERSION = YES;
				CLANG_WARN_NON_LITERAL_NULL_CONVERSION = YES;
				CLANG_WARN_OBJC_IMPLICIT_RETAIN_SELF = YES;
				CLANG_WARN_OBJC_LITERAL_CONVERSION = YES;
				CLANG_WARN_OBJC_ROOT_CLASS = YES_ERROR;
				CLANG_WARN_QUOTED_INCLUDE_IN_FRAMEWORK_HEADER = YES;
				CLANG_WARN_RANGE_LOOP_ANALYSIS = YES;
				CLANG_WARN_STRICT_PROTOTYPES = YES;
				CLANG_WARN_SUSPICIOUS_MOVE = YES;
				CLANG_WARN_UNGUARDED_AVAILABILITY = YES_AGGRESSIVE;
				CLANG_WARN_UNREACHABLE_CODE = YES;
				CLANG_WARN__DUPLICATE_METHOD_MATCH = YES;
				COPY_PHASE_STRIP = NO;
				DEBUG_INFORMATION_FORMAT = dwarf;
				ENABLE_STRICT_OBJC_MSGSEND = YES;
				ENABLE_TESTABILITY = YES;
				GCC_C_LANGUAGE_STANDARD = gnu11;
				GCC_DYNAMIC_NO_PIC = NO;
				GCC_NO_COMMON_BLOCKS = YES;
				GCC_OPTIMIZATION_LEVEL = 0;
				GCC_PREPROCESSOR_DEFINITIONS = (
					"DEBUG=1",
					"$(inherited)",
				);
				GCC_WARN_64_TO_32_BIT_CONVERSION = YES;
				GCC_WARN_ABOUT_RETURN_TYPE = YES_ERROR;
				GCC_WARN_UNDECLARED_SELECTOR = YES;
				GCC_WARN_UNINITIALIZED_AUTOS = YES_AGGRESSIVE;
				GCC_WARN_UNUSED_FUNCTION = YES;
				GCC_WARN_UNUSED_VARIABLE = YES;
				IPHONEOS_DEPLOYMENT_TARGET = 13.0;
				MTL_ENABLE_DEBUG_INFO = INCLUDE_SOURCE;
				MTL_FAST_MATH = YES;
				ONLY_ACTIVE_ARCH = YES;
				SDKROOT = iphoneos;
				SWIFT_ACTIVE_COMPILATION_CONDITIONS = DEBUG;
				SWIFT_OPTIMIZATION_LEVEL = "-Onone";
			};
			name = Debug;
		};
		07DD2A5129CC8A840074E491 /* Release */ = {
			isa = XCBuildConfiguration;
			buildSettings = {
				ALWAYS_SEARCH_USER_PATHS = NO;
				CLANG_ANALYZER_NONNULL = YES;
				CLANG_ANALYZER_NUMBER_OBJECT_CONVERSION = YES_AGGRESSIVE;
				CLANG_CXX_LANGUAGE_STANDARD = "gnu++20";
				CLANG_ENABLE_MODULES = YES;
				CLANG_ENABLE_OBJC_ARC = YES;
				CLANG_ENABLE_OBJC_WEAK = YES;
				CLANG_WARN_BLOCK_CAPTURE_AUTORELEASING = YES;
				CLANG_WARN_BOOL_CONVERSION = YES;
				CLANG_WARN_COMMA = YES;
				CLANG_WARN_CONSTANT_CONVERSION = YES;
				CLANG_WARN_DEPRECATED_OBJC_IMPLEMENTATIONS = YES;
				CLANG_WARN_DIRECT_OBJC_ISA_USAGE = YES_ERROR;
				CLANG_WARN_DOCUMENTATION_COMMENTS = YES;
				CLANG_WARN_EMPTY_BODY = YES;
				CLANG_WARN_ENUM_CONVERSION = YES;
				CLANG_WARN_INFINITE_RECURSION = YES;
				CLANG_WARN_INT_CONVERSION = YES;
				CLANG_WARN_NON_LITERAL_NULL_CONVERSION = YES;
				CLANG_WARN_OBJC_IMPLICIT_RETAIN_SELF = YES;
				CLANG_WARN_OBJC_LITERAL_CONVERSION = YES;
				CLANG_WARN_OBJC_ROOT_CLASS = YES_ERROR;
				CLANG_WARN_QUOTED_INCLUDE_IN_FRAMEWORK_HEADER = YES;
				CLANG_WARN_RANGE_LOOP_ANALYSIS = YES;
				CLANG_WARN_STRICT_PROTOTYPES = YES;
				CLANG_WARN_SUSPICIOUS_MOVE = YES;
				CLANG_WARN_UNGUARDED_AVAILABILITY = YES_AGGRESSIVE;
				CLANG_WARN_UNREACHABLE_CODE = YES;
				CLANG_WARN__DUPLICATE_METHOD_MATCH = YES;
				COPY_PHASE_STRIP = NO;
				DEBUG_INFORMATION_FORMAT = "dwarf-with-dsym";
				ENABLE_NS_ASSERTIONS = NO;
				ENABLE_STRICT_OBJC_MSGSEND = YES;
				GCC_C_LANGUAGE_STANDARD = gnu11;
				GCC_NO_COMMON_BLOCKS = YES;
				GCC_WARN_64_TO_32_BIT_CONVERSION = YES;
				GCC_WARN_ABOUT_RETURN_TYPE = YES_ERROR;
				GCC_WARN_UNDECLARED_SELECTOR = YES;
				GCC_WARN_UNINITIALIZED_AUTOS = YES_AGGRESSIVE;
				GCC_WARN_UNUSED_FUNCTION = YES;
				GCC_WARN_UNUSED_VARIABLE = YES;
				IPHONEOS_DEPLOYMENT_TARGET = 13.0;
				MTL_ENABLE_DEBUG_INFO = NO;
				MTL_FAST_MATH = YES;
				SDKROOT = iphoneos;
				SWIFT_COMPILATION_MODE = wholemodule;
				SWIFT_OPTIMIZATION_LEVEL = "-O";
				VALIDATE_PRODUCT = YES;
			};
			name = Release;
		};
		07DD2A5329CC8A840074E491 /* Debug */ = {
			isa = XCBuildConfiguration;
			baseConfigurationReference = 2969139FFA9D330B2631E53A /* Pods-Meditation.debug.xcconfig */;
			buildSettings = {
				ASSETCATALOG_COMPILER_APPICON_NAME = AppIcon;
				ASSETCATALOG_COMPILER_GLOBAL_ACCENT_COLOR_NAME = AccentColor;
				CODE_SIGN_STYLE = Automatic;
				CURRENT_PROJECT_VERSION = 1;
				GENERATE_INFOPLIST_FILE = YES;
				INFOPLIST_FILE = Meditation/Info.plist;
				INFOPLIST_KEY_UIApplicationSupportsIndirectInputEvents = YES;
				INFOPLIST_KEY_UILaunchStoryboardName = LaunchScreen;
				INFOPLIST_KEY_UIMainStoryboardFile = "";
				INFOPLIST_KEY_UISupportedInterfaceOrientations_iPad = "UIInterfaceOrientationPortrait UIInterfaceOrientationPortraitUpsideDown UIInterfaceOrientationLandscapeLeft UIInterfaceOrientationLandscapeRight";
				INFOPLIST_KEY_UISupportedInterfaceOrientations_iPhone = "UIInterfaceOrientationPortrait UIInterfaceOrientationLandscapeLeft UIInterfaceOrientationLandscapeRight";
				IPHONEOS_DEPLOYMENT_TARGET = 13.0;
				LD_RUNPATH_SEARCH_PATHS = (
					"$(inherited)",
					"@executable_path/Frameworks",
				);
				MARKETING_VERSION = 1.0;
				PRODUCT_BUNDLE_IDENTIFIER = com.itis.tinkoff.Meditation;
				PRODUCT_NAME = "$(TARGET_NAME)";
				SWIFT_EMIT_LOC_STRINGS = YES;
				SWIFT_VERSION = 5.0;
				TARGETED_DEVICE_FAMILY = "1,2";
			};
			name = Debug;
		};
		07DD2A5429CC8A840074E491 /* Release */ = {
			isa = XCBuildConfiguration;
			baseConfigurationReference = 5FAAA51AE059D5629C2AD70E /* Pods-Meditation.release.xcconfig */;
			buildSettings = {
				ASSETCATALOG_COMPILER_APPICON_NAME = AppIcon;
				ASSETCATALOG_COMPILER_GLOBAL_ACCENT_COLOR_NAME = AccentColor;
				CODE_SIGN_STYLE = Automatic;
				CURRENT_PROJECT_VERSION = 1;
				GENERATE_INFOPLIST_FILE = YES;
				INFOPLIST_FILE = Meditation/Info.plist;
				INFOPLIST_KEY_UIApplicationSupportsIndirectInputEvents = YES;
				INFOPLIST_KEY_UILaunchStoryboardName = LaunchScreen;
				INFOPLIST_KEY_UIMainStoryboardFile = "";
				INFOPLIST_KEY_UISupportedInterfaceOrientations_iPad = "UIInterfaceOrientationPortrait UIInterfaceOrientationPortraitUpsideDown UIInterfaceOrientationLandscapeLeft UIInterfaceOrientationLandscapeRight";
				INFOPLIST_KEY_UISupportedInterfaceOrientations_iPhone = "UIInterfaceOrientationPortrait UIInterfaceOrientationLandscapeLeft UIInterfaceOrientationLandscapeRight";
				IPHONEOS_DEPLOYMENT_TARGET = 13.0;
				LD_RUNPATH_SEARCH_PATHS = (
					"$(inherited)",
					"@executable_path/Frameworks",
				);
				MARKETING_VERSION = 1.0;
				PRODUCT_BUNDLE_IDENTIFIER = com.itis.tinkoff.Meditation;
				PRODUCT_NAME = "$(TARGET_NAME)";
				SWIFT_EMIT_LOC_STRINGS = YES;
				SWIFT_VERSION = 5.0;
				TARGETED_DEVICE_FAMILY = "1,2";
			};
			name = Release;
		};
/* End XCBuildConfiguration section */

/* Begin XCConfigurationList section */
		07DD2A3929CC8A820074E491 /* Build configuration list for PBXProject "Meditation" */ = {
			isa = XCConfigurationList;
			buildConfigurations = (
				07DD2A5029CC8A840074E491 /* Debug */,
				07DD2A5129CC8A840074E491 /* Release */,
			);
			defaultConfigurationIsVisible = 0;
			defaultConfigurationName = Release;
		};
		07DD2A5229CC8A840074E491 /* Build configuration list for PBXNativeTarget "Meditation" */ = {
			isa = XCConfigurationList;
			buildConfigurations = (
				07DD2A5329CC8A840074E491 /* Debug */,
				07DD2A5429CC8A840074E491 /* Release */,
			);
			defaultConfigurationIsVisible = 0;
			defaultConfigurationName = Release;
		};
/* End XCConfigurationList section */
	};
	rootObject = 07DD2A3629CC8A820074E491 /* Project object */;
}
